
Microsoft Visual Studio Solution File, Format Version 10.00
# Visual Studio 2008
Project("{8BC9CEB8-8B4A-11D0-8D11-00A0C91BC942}") = "T03POLE", "T03POLE.vcproj", "{BE628D6D-1AB5-4D36-82CA-68F0BA92F653}"
EndProject
Global
	GlobalSection(SolutionConfigurationPlatforms) = preSolution
		Debug|Win32 = Debug|Win32
		Release|Win32 = Release|Win32
	EndGlobalSection
	GlobalSection(ProjectConfigurationPlatforms) = postSolution
		{BE628D6D-1AB5-4D36-82CA-68F0BA92F653}.Debug|Win32.ActiveCfg = Debug|Win32
		{BE628D6D-1AB5-4D36-82CA-68F0BA92F653}.Debug|Win32.Build.0 = Debug|Win32
		{BE628D6D-1AB5-4D36-82CA-68F0BA92F653}.Release|Win32.ActiveCfg = Release|Win32
		{BE628D6D-1AB5-4D36-82CA-68F0BA92F653}.Release|Win32.Build.0 = Release|Win32
	EndGlobalSection
	GlobalSection(SolutionProperties) = preSolution
		HideSolutionNode = FALSE
	EndGlobalSection
EndGlobal
